{
  "version": 4,
  "terraform_version": "1.14.3",
  "serial": 24,
  "lineage": "1a843dd1-43e4-dc54-496a-8aeb348d6626",
  "outputs": {
    "vpc-id": {
      "value": "projects/eco-emissary-415909/global/networks/test-vpc",
      "type": "string"
    },
    "vpc-name": {
      "value": "test-vpc",
      "type": "string"
    }
  },
  "resources": [
    {
      "mode": "managed",
      "type": "google_compute_instance",
      "name": "default",
      "provider": "provider[\"registry.terraform.io/hashicorp/google\"]",
      "instances": [
        {
          "schema_version": 6,
          "attributes": {
            "advanced_machine_features": [],
            "allow_stopping_for_update": null,
            "attached_disk": [],
            "boot_disk": [
              {
                "auto_delete": true,
                "device_name": "persistent-disk-0",
                "disk_encryption_key_raw": "",
                "disk_encryption_key_sha256": "",
                "initialize_params": [
                  {
                    "enable_confidential_compute": false,
                    "image": "https://www.googleapis.com/compute/v1/projects/debian-cloud/global/images/debian-11-bullseye-v20260114",
                    "labels": {
                      "my_label": "value"
                    },
                    "provisioned_iops": 0,
                    "provisioned_throughput": 0,
                    "resource_manager_tags": null,
                    "size": 10,
                    "storage_pool": "",
                    "type": "pd-standard"
                  }
                ],
                "kms_key_self_link": "",
                "mode": "READ_WRITE",
                "source": "https://www.googleapis.com/compute/v1/projects/eco-emissary-415909/zones/us-central1-a/disks/my-instance"
              }
            ],
            "can_ip_forward": false,
            "confidential_instance_config": [],
            "cpu_platform": "Intel Broadwell",
            "current_status": "RUNNING",
            "deletion_protection": false,
            "description": "",
            "desired_status": null,
            "effective_labels": {},
            "enable_display": false,
            "guest_accelerator": [],
            "hostname": "",
            "id": "projects/eco-emissary-415909/zones/us-central1-a/instances/my-instance",
            "instance_id": "3125608606743323481",
            "label_fingerprint": "42WmSpB8rSM=",
            "labels": null,
            "machine_type": "e2-medium",
            "metadata": {
              "foo": "bar"
            },
            "metadata_fingerprint": "jZTg9XOPbn0=",
            "metadata_startup_script": "echo hi \u003e /test.txt",
            "min_cpu_platform": "",
            "name": "my-instance",
            "network_interface": [
              {
                "access_config": [
                  {
                    "nat_ip": "34.135.66.58",
                    "network_tier": "PREMIUM",
                    "public_ptr_domain_name": ""
                  }
                ],
                "alias_ip_range": [],
                "internal_ipv6_prefix_length": 0,
                "ipv6_access_config": [],
                "ipv6_access_type": "",
                "ipv6_address": "",
                "name": "nic0",
                "network": "https://www.googleapis.com/compute/v1/projects/eco-emissary-415909/global/networks/test-vpc",
                "network_ip": "10.10.0.2",
                "nic_type": "",
                "queue_count": 0,
                "stack_type": "IPV4_ONLY",
                "subnetwork": "https://www.googleapis.com/compute/v1/projects/eco-emissary-415909/regions/us-central1/subnetworks/test-subnet",
                "subnetwork_project": "eco-emissary-415909"
              }
            ],
            "network_performance_config": [],
            "params": [],
            "project": "eco-emissary-415909",
            "reservation_affinity": [],
            "resource_policies": null,
            "scheduling": [
              {
                "automatic_restart": true,
                "instance_termination_action": "",
                "local_ssd_recovery_timeout": [],
                "max_run_duration": [],
                "min_node_cpus": 0,
                "node_affinities": [],
                "on_host_maintenance": "MIGRATE",
                "on_instance_stop_action": [],
                "preemptible": false,
                "provisioning_model": "STANDARD"
              }
            ],
            "scratch_disk": [],
            "self_link": "https://www.googleapis.com/compute/v1/projects/eco-emissary-415909/zones/us-central1-a/instances/my-instance",
            "service_account": [],
            "shielded_instance_config": [
              {
                "enable_integrity_monitoring": true,
                "enable_secure_boot": false,
                "enable_vtpm": true
              }
            ],
            "tags": [
              "bar",
              "foo"
            ],
            "tags_fingerprint": "1gqCRgrww4E=",
            "terraform_labels": {},
            "timeouts": null,
            "zone": "us-central1-a"
          },
          "sensitive_attributes": [
            [
              {
                "type": "get_attr",
                "value": "boot_disk"
              },
              {
                "type": "index",
                "value": {
                  "value": 0,
                  "type": "number"
                }
              },
              {
                "type": "get_attr",
                "value": "disk_encryption_key_raw"
              }
            ]
          ],
          "identity_schema_version": 0,
          "private": "eyJlMmJmYjczMC1lY2FhLTExZTYtOGY4OC0zNDM2M2JjN2M0YzAiOnsiY3JlYXRlIjoxMjAwMDAwMDAwMDAwLCJkZWxldGUiOjEyMDAwMDAwMDAwMDAsInVwZGF0ZSI6MTIwMDAwMDAwMDAwMH0sInNjaGVtYV92ZXJzaW9uIjoiNiJ9",
          "dependencies": [
            "google_compute_network.vpc",
            "google_compute_subnetwork.subnet"
          ]
        }
      ]
    },
    {
      "mode": "managed",
      "type": "google_compute_network",
      "name": "vpc",
      "provider": "provider[\"registry.terraform.io/hashicorp/google\"]",
      "instances": [
        {
          "schema_version": 0,
          "attributes": {
            "auto_create_subnetworks": true,
            "delete_default_routes_on_create": false,
            "description": "",
            "enable_ula_internal_ipv6": false,
            "gateway_ipv4": "",
            "id": "projects/eco-emissary-415909/global/networks/test-vpc",
            "internal_ipv6_range": "",
            "mtu": 0,
            "name": "test-vpc",
            "network_firewall_policy_enforcement_order": "AFTER_CLASSIC_FIREWALL",
            "numeric_id": "5487584300190066342",
            "project": "eco-emissary-415909",
            "routing_mode": "REGIONAL",
            "self_link": "https://www.googleapis.com/compute/v1/projects/eco-emissary-415909/global/networks/test-vpc",
            "timeouts": null
          },
          "sensitive_attributes": [],
          "identity_schema_version": 0,
          "private": "eyJlMmJmYjczMC1lY2FhLTExZTYtOGY4OC0zNDM2M2JjN2M0YzAiOnsiY3JlYXRlIjoxMjAwMDAwMDAwMDAwLCJkZWxldGUiOjEyMDAwMDAwMDAwMDAsInVwZGF0ZSI6MTIwMDAwMDAwMDAwMH19"
        }
      ]
    },
    {
      "mode": "managed",
      "type": "google_compute_subnetwork",
      "name": "subnet",
      "provider": "provider[\"registry.terraform.io/hashicorp/google\"]",
      "instances": [
        {
          "schema_version": 0,
          "attributes": {
            "creation_timestamp": "2026-01-29T05:08:09.305-08:00",
            "description": "",
            "external_ipv6_prefix": "",
            "fingerprint": null,
            "gateway_address": "10.10.0.1",
            "id": "projects/eco-emissary-415909/regions/us-central1/subnetworks/test-subnet",
            "internal_ipv6_prefix": "",
            "ip_cidr_range": "10.10.0.0/24",
            "ipv6_access_type": "",
            "ipv6_cidr_range": "",
            "log_config": [],
            "name": "test-subnet",
            "network": "https://www.googleapis.com/compute/v1/projects/eco-emissary-415909/global/networks/test-vpc",
            "private_ip_google_access": false,
            "private_ipv6_google_access": "DISABLE_GOOGLE_ACCESS",
            "project": "eco-emissary-415909",
            "purpose": "PRIVATE",
            "region": "us-central1",
            "role": "",
            "secondary_ip_range": [],
            "self_link": "https://www.googleapis.com/compute/v1/projects/eco-emissary-415909/regions/us-central1/subnetworks/test-subnet",
            "send_secondary_ip_range_if_empty": null,
            "stack_type": "IPV4_ONLY",
            "timeouts": null
          },
          "sensitive_attributes": [],
          "identity_schema_version": 0,
          "private": "eyJlMmJmYjczMC1lY2FhLTExZTYtOGY4OC0zNDM2M2JjN2M0YzAiOnsiY3JlYXRlIjoxMjAwMDAwMDAwMDAwLCJkZWxldGUiOjEyMDAwMDAwMDAwMDAsInVwZGF0ZSI6MTIwMDAwMDAwMDAwMH19",
          "dependencies": [
            "google_compute_network.vpc"
          ]
        }
      ]
    }
  ],
  "check_results": null
}
